// !$*UTF8*$!
{
	archiveVersion = 1;
	classes = {
	};
	objectVersion = 46;
	objects = {

/* Begin PBXBuildFile section */
		13E97DC91E5AA3300007F61C /* main.m in Sources */ = {isa = PBXBuildFile; fileRef = 13E97DC81E5AA3300007F61C /* main.m */; };
		13E97DCC1E5AA3300007F61C /* AppDelegate.m in Sources */ = {isa = PBXBuildFile; fileRef = 13E97DCB1E5AA3300007F61C /* AppDelegate.m */; };
		13E97DD41E5AA3300007F61C /* Assets.xcassets in Resources */ = {isa = PBXBuildFile; fileRef = 13E97DD31E5AA3300007F61C /* Assets.xcassets */; };
		13E97DD71E5AA3300007F61C /* LaunchScreen.storyboard in Resources */ = {isa = PBXBuildFile; fileRef = 13E97DD51E5AA3300007F61C /* LaunchScreen.storyboard */; };
		13E97DE11E5AA35F0007F61C /* RootViewController.m in Sources */ = {isa = PBXBuildFile; fileRef = 13E97DDF1E5AA35F0007F61C /* RootViewController.m */; };
		13E97DE21E5AA35F0007F61C /* RootViewController.xib in Resources */ = {isa = PBXBuildFile; fileRef = 13E97DE01E5AA35F0007F61C /* RootViewController.xib */; };
		13E97DE61E5AA36E0007F61C /* DetailViewController.m in Sources */ = {isa = PBXBuildFile; fileRef = 13E97DE41E5AA36E0007F61C /* DetailViewController.m */; };
		13E97DE71E5AA36E0007F61C /* DetailViewController.xib in Resources */ = {isa = PBXBuildFile; fileRef = 13E97DE51E5AA36E0007F61C /* DetailViewController.xib */; };
		13E97DE91E5AAF750007F61C /* icon.png in Resources */ = {isa = PBXBuildFile; fileRef = 13E97DE81E5AAF750007F61C /* icon.png */; };
/* End PBXBuildFile section */

/* Begin PBXFileReference section */
		13E97DC41E5AA3300007F61C /* eggs.app */ = {isa = PBXFileReference; explicitFileType = wrapper.application; includeInIndex = 0; path = eggs.app; sourceTree = BUILT_PRODUCTS_DIR; };
		13E97DC81E5AA3300007F61C /* main.m */ = {isa = PBXFileReference; lastKnownFileType = sourcecode.c.objc; path = main.m; sourceTree = "<group>"; };
		13E97DCA1E5AA3300007F61C /* AppDelegate.h */ = {isa = PBXFileReference; lastKnownFileType = sourcecode.c.h; path = AppDelegate.h; sourceTree = "<group>"; };
		13E97DCB1E5AA3300007F61C /* AppDelegate.m */ = {isa = PBXFileReference; lastKnownFileType = sourcecode.c.objc; path = AppDelegate.m; sourceTree = "<group>"; };
		13E97DD31E5AA3300007F61C /* Assets.xcassets */ = {isa = PBXFileReference; lastKnownFileType = folder.assetcatalog; path = Assets.xcassets; sourceTree = "<group>"; };
		13E97DD61E5AA3300007F61C /* Base */ = {isa = PBXFileReference; lastKnownFileType = file.storyboard; name = Base; path = Base.lproj/LaunchScreen.storyboard; sourceTree = "<group>"; };
		13E97DD81E5AA3300007F61C /* Info.plist */ = {isa = PBXFileReference; lastKnownFileType = text.plist.xml; path = Info.plist; sourceTree = "<group>"; };
		13E97DDE1E5AA35F0007F61C /* RootViewController.h */ = {isa = PBXFileReference; fileEncoding = 4; lastKnownFileType = sourcecode.c.h; path = RootViewController.h; sourceTree = "<group>"; };
		13E97DDF1E5AA35F0007F61C /* RootViewController.m */ = {isa = PBXFileReference; fileEncoding = 4; lastKnownFileType = sourcecode.c.objc; path = RootViewController.m; sourceTree = "<group>"; };
		13E97DE01E5AA35F0007F61C /* RootViewController.xib */ = {isa = PBXFileReference; fileEncoding = 4; lastKnownFileType = file.xib; path = RootViewController.xib; sourceTree = "<group>"; };
		13E97DE31E5AA36E0007F61C /* DetailViewController.h */ = {isa = PBXFileReference; fileEncoding = 4; lastKnownFileType = sourcecode.c.h; path = DetailViewController.h; sourceTree = "<group>"; };
		13E97DE41E5AA36E0007F61C /* DetailViewController.m */ = {isa = PBXFileReference; fileEncoding = 4; lastKnownFileType = sourcecode.c.objc; path = DetailViewController.m; sourceTree = "<group>"; };
		13E97DE51E5AA36E0007F61C /* DetailViewController.xib */ = {isa = PBXFileReference; fileEncoding = 4; lastKnownFileType = file.xib; path = DetailViewController.xib; sourceTree = "<group>"; };
		13E97DE81E5AAF750007F61C /* icon.png */ = {isa = PBXFileReference; lastKnownFileType = image.png; path = icon.png; sourceTree = "<group>"; };
/* End PBXFileReference section */

/* Begin PBXFrameworksBuildPhase section */
		13E97DC11E5AA3300007F61C /* Frameworks */ = {
			isa = PBXFrameworksBuildPhase;
			buildActionMask = 2147483647;
			files = (
			);
			runOnlyForDeploymentPostprocessing = 0;
		};
/* End PBXFrameworksBuildPhase section */

/* Begin PBXGroup section */
		13E97DBB1E5AA3300007F61C = {
			isa = PBXGroup;
			children = (
				13E97DC61E5AA3300007F61C /* eggs */,
				13E97DC51E5AA3300007F61C /* Products */,
			);
			sourceTree = "<group>";
		};
		13E97DC51E5AA3300007F61C /* Products */ = {
			isa = PBXGroup;
			children = (
				13E97DC41E5AA3300007F61C /* eggs.app */,
			);
			name = Products;
			sourceTree = "<group>";
		};
		13E97DC61E5AA3300007F61C /* eggs */ = {
			isa = PBXGroup;
			children = (
				13E97DCA1E5AA3300007F61C /* AppDelegate.h */,
				13E97DCB1E5AA3300007F61C /* AppDelegate.m */,
				13E97DDE1E5AA35F0007F61C /* RootViewController.h */,
				13E97DDF1E5AA35F0007F61C /* RootViewController.m */,
				13E97DE01E5AA35F0007F61C /* RootViewController.xib */,
				13E97DE31E5AA36E0007F61C /* DetailViewController.h */,
				13E97DE41E5AA36E0007F61C /* DetailViewController.m */,
				13E97DE51E5AA36E0007F61C /* DetailViewController.xib */,
				13E97DD31E5AA3300007F61C /* Assets.xcassets */,
				13E97DD51E5AA3300007F61C /* LaunchScreen.storyboard */,
				13E97DD81E5AA3300007F61C /* Info.plist */,
				13E97DE81E5AAF750007F61C /* icon.png */,
				13E97DC71E5AA3300007F61C /* Supporting Files */,
			);
			path = eggs;
			sourceTree = "<group>";
		};
		13E97DC71E5AA3300007F61C /* Supporting Files */ = {
			isa = PBXGroup;
			children = (
				13E97DC81E5AA3300007F61C /* main.m */,
			);
			name = "Supporting Files";
			sourceTree = "<group>";
		};
/* End PBXGroup section */

/* Begin PBXNativeTarget section */
		13E97DC31E5AA3300007F61C /* eggs */ = {
			isa = PBXNativeTarget;
			buildConfigurationList = 13E97DDB1E5AA3300007F61C /* Build configuration list for PBXNativeTarget "eggs" */;
			buildPhases = (
				13E97DC01E5AA3300007F61C /* Sources */,
				13E97DC11E5AA3300007F61C /* Frameworks */,
				13E97DC21E5AA3300007F61C /* Resources */,
			);
			buildRules = (
			);
			dependencies = (
			);
			name = eggs;
			productName = eggs;
			productReference = 13E97DC41E5AA3300007F61C /* eggs.app */;
			productType = "com.apple.product-type.application";
		};
/* End PBXNativeTarget section */

/* Begin PBXProject section */
		13E97DBC1E5AA3300007F61C /* Project object */ = {
			isa = PBXProject;
			attributes = {
				LastUpgradeCheck = 0810;
				ORGANIZATIONNAME = GrayLeo;
				TargetAttributes = {
					13E97DC31E5AA3300007F61C = {
						CreatedOnToolsVersion = 8.1;
						DevelopmentTeam = 259D5P5XNV;
						ProvisioningStyle = Automatic;
					};
				};
			};
			buildConfigurationList = 13E97DBF1E5AA3300007F61C /* Build configuration list for PBXProject "eggs" */;
			compatibilityVersion = "Xcode 3.2";
			developmentRegion = English;
			hasScannedForEncodings = 0;
			knownRegions = (
				en,
				Base,
			);
			mainGroup = 13E97DBB1E5AA3300007F61C;
			productRefGroup = 13E97DC51E5AA3300007F61C /* Products */;
			projectDirPath = "";
			projectRoot = "";
			targets = (
				13E97DC31E5AA3300007F61C /* eggs */,
			);
		};
/* End PBXProject section */

/* Begin PBXResourcesBuildPhase section */
		13E97DC21E5AA3300007F61C /* Resources */ = {
			isa = PBXResourcesBuildPhase;
			buildActionMask = 2147483647;
			files = (
				13E97DD71E5AA3300007F61C /* LaunchScreen.storyboard in Resources */,
				13E97DE91E5AAF750007F61C /* icon.png in Resources */,
				13E97DD41E5AA3300007F61C /* Assets.xcassets in Resources */,
				13E97DE21E5AA35F0007F61C /* RootViewController.xib in Resources */,
				13E97DE71E5AA36E0007F61C /* DetailViewController.xib in Resources */,
			);
			runOnlyForDeploymentPostprocessing = 0;
		};
/* End PBXResourcesBuildPhase section */

/* Begin PBXSourcesBuildPhase section */
		13E97DC01E5AA3300007F61C /* Sources */ = {
			isa = PBXSourcesBuildPhase;
			buildActionMask = 2147483647;
			files = (
				13E97DCC1E5AA3300007F61C /* AppDelegate.m in Sources */,
				13E97DC91E5AA3300007F61C /* main.m in Sources */,
				13E97DE11E5AA35F0007F61C /* RootViewController.m in Sources */,
				13E97DE61E5AA36E0007F61C /* DetailViewController.m in Sources */,
			);
			runOnlyForDeploymentPostprocessing = 0;
		};
/* End PBXSourcesBuildPhase section */

/* Begin PBXVariantGroup section */
		13E97DD51E5AA3300007F61C /* LaunchScreen.storyboard */ = {
			isa = PBXVariantGroup;
			children = (
				13E97DD61E5AA3300007F61C /* Base */,
			);
			name = LaunchScreen.storyboard;
			sourceTree = "<group>";
		};
/* End PBXVariantGroup section */

/* Begin XCBuildConfiguration section */
		13E97DD91E5AA3300007F61C /* Debug */ = {
			isa = XCBuildConfiguration;
			buildSettings = {
				ALWAYS_SEARCH_USER_PATHS = NO;
				CLANG_ANALYZER_NONNULL = YES;
				CLANG_CXX_LANGUAGE_STANDARD = "gnu++0x";
				CLANG_CXX_LIBRARY = "libc++";
				CLANG_ENABLE_MODULES = YES;
				CLANG_ENABLE_OBJC_ARC = YES;
				CLANG_WARN_BOOL_CONVERSION = YES;
				CLANG_WARN_CONSTANT_CONVERSION = YES;
				CLANG_WARN_DIRECT_OBJC_ISA_USAGE = YES_ERROR;
				CLANG_WARN_DOCUMENTATION_COMMENTS = YES;
				CLANG_WARN_EMPTY_BODY = YES;
				CLANG_WARN_ENUM_CONVERSION = YES;
				CLANG_WARN_INFINITE_RECURSION = YES;
				CLANG_WARN_INT_CONVERSION = YES;
				CLANG_WARN_OBJC_ROOT_CLASS = YES_ERROR;
				CLANG_WARN_SUSPICIOUS_MOVES = YES;
				CLANG_WARN_UNREACHABLE_CODE = YES;
				CLANG_WARN__DUPLICATE_METHOD_MATCH = YES;
				"CODE_SIGN_IDENTITY[sdk=iphoneos*]" = "iPhone Developer";
				COPY_PHASE_STRIP = NO;
				DEBUG_INFORMATION_FORMAT = dwarf;
				ENABLE_STRICT_OBJC_MSGSEND = YES;
				ENABLE_TESTABILITY = YES;
				GCC_C_LANGUAGE_STANDARD = gnu99;
				GCC_DYNAMIC_NO_PIC = NO;
				GCC_NO_COMMON_BLOCKS = YES;
				GCC_OPTIMIZATION_LEVEL = 0;
				GCC_PREPROCESSOR_DEFINITIONS = (
					"DEBUG=1",
					"$(inherited)",
				);
				GCC_WARN_64_TO_32_BIT_CONVERSION = YES;
				GCC_WARN_ABOUT_RETURN_TYPE = YES_ERROR;
				GCC_WARN_UNDECLARED_SELECTOR = YES;
				GCC_WARN_UNINITIALIZED_AUTOS = YES_AGGRESSIVE;
				GCC_WARN_UNUSED_FUNCTION = YES;
				GCC_WARN_UNUSED_VARIABLE = YES;
				IPHONEOS_DEPLOYMENT_TARGET = 10.1;
				MTL_ENABLE_DEBUG_INFO = YES;
				ONLY_ACTIVE_ARCH = YES;
				SDKROOT = iphoneos;
				TARGETED_DEVICE_FAMILY = "1,2";
			};
			name = Debug;
		};
		13E97DDA1E5AA3300007F61C /* Release */ = {
			isa = XCBuildConfiguration;
			buildSettings = {
				ALWAYS_SEARCH_USER_PATHS = NO;
				CLANG_ANALYZER_NONNULL = YES;
				CLANG_CXX_LANGUAGE_STANDARD = "gnu++0x";
				CLANG_CXX_LIBRARY = "libc++";
				CLANG_ENABLE_MODULES = YES;
				CLANG_ENABLE_OBJC_ARC = YES;
				CLANG_WARN_BOOL_CONVERSION = YES;
				CLANG_WARN_CONSTANT_CONVERSION = YES;
				CLANG_WARN_DIRECT_OBJC_ISA_USAGE = YES_ERROR;
				CLANG_WARN_DOCUMENTATION_COMMENTS = YES;
				CLANG_WARN_EMPTY_BODY = YES;
				CLANG_WARN_ENUM_CONVERSION = YES;
				CLANG_WARN_INFINITE_RECURSION = YES;
				CLANG_WARN_INT_CONVERSION = YES;
				CLANG_WARN_OBJC_ROOT_CLASS = YES_ERROR;
				CLANG_WARN_SUSPICIOUS_MOVES = YES;
				CLANG_WARN_UNREACHABLE_CODE = YES;
				CLANG_WARN__DUPLICATE_METHOD_MATCH = YES;
				"CODE_SIGN_IDENTITY[sdk=iphoneos*]" = "iPhone Developer";
				COPY_PHASE_STRIP = NO;
				DEBUG_INFORMATION_FORMAT = "dwarf-with-dsym";
				ENABLE_NS_ASSERTIONS = NO;
				ENABLE_STRICT_OBJC_MSGSEND = YES;
				GCC_C_LANGUAGE_STANDARD = gnu99;
				GCC_NO_COMMON_BLOCKS = YES;
				GCC_WARN_64_TO_32_BIT_CONVERSION = YES;
				GCC_WARN_ABOUT_RETURN_TYPE = YES_ERROR;
				GCC_WARN_UNDECLARED_SELECTOR = YES;
				GCC_WARN_UNINITIALIZED_AUTOS = YES_AGGRESSIVE;
				GCC_WARN_UNUSED_FUNCTION = YES;
				GCC_WARN_UNUSED_VARIABLE = YES;
				IPHONEOS_DEPLOYMENT_TARGET = 10.1;
				MTL_ENABLE_DEBUG_INFO = NO;
				SDKROOT = iphoneos;
				TARGETED_DEVICE_FAMILY = "1,2";
				VALIDATE_PRODUCT = YES;
			};
			name = Release;
		};
		13E97DDC1E5AA3300007F61C /* Debug */ = {
			isa = XCBuildConfiguration;
			buildSettings = {
				ASSETCATALOG_COMPILER_APPICON_NAME = AppIcon;
				DEVELOPMENT_TEAM = 259D5P5XNV;
				INFOPLIST_FILE = eggs/Info.plist;
				IPHONEOS_DEPLOYMENT_TARGET = 8.0;
				LD_RUNPATH_SEARCH_PATHS = "$(inherited) @executable_path/Frameworks";
				PRODUCT_BUNDLE_IDENTIFIER = GrayLeo.eggs;
				PRODUCT_NAME = "$(TARGET_NAME)";
			};
			name = Debug;
		};
		13E97DDD1E5AA3300007F61C /* Release */ = {
			isa = XCBuildConfiguration;
			buildSettings = {
				ASSETCATALOG_COMPILER_APPICON_NAME = AppIcon;
				DEVELOPMENT_TEAM = 259D5P5XNV;
				INFOPLIST_FILE = eggs/Info.plist;
				IPHONEOS_DEPLOYMENT_TARGET = 8.0;
				LD_RUNPATH_SEARCH_PATHS = "$(inherited) @executable_path/Frameworks";
				PRODUCT_BUNDLE_IDENTIFIER = GrayLeo.eggs;
				PRODUCT_NAME = "$(TARGET_NAME)";
			};
			name = Release;
		};
/* End XCBuildConfiguration section */

/* Begin XCConfigurationList section */
		13E97DBF1E5AA3300007F61C /* Build configuration list for PBXProject "eggs" */ = {
			isa = XCConfigurationList;
			buildConfigurations = (
				13E97DD91E5AA3300007F61C /* Debug */,
				13E97DDA1E5AA3300007F61C /* Release */,
			);
			defaultConfigurationIsVisible = 0;
			defaultConfigurationName = Release;
		};
		13E97DDB1E5AA3300007F61C /* Build configuration list for PBXNativeTarget "eggs" */ = {
			isa = XCConfigurationList;
			buildConfigurations = (
				13E97DDC1E5AA3300007F61C /* Debug */,
				13E97DDD1E5AA3300007F61C /* Release */,
			);
			defaultConfigurationIsVisible = 0;
		};
/* End XCConfigurationList section */
	};
	rootObject = 13E97DBC1E5AA3300007F61C /* Project object */;
}
